
Microsoft Visual Studio Solution File, Format Version 12.00
# Visual Studio Version 17
VisualStudioVersion = 17.2.32630.192
MinimumVisualStudioVersion = 10.0.40219.1
Project("{FAE04EC0-301F-11D3-BF4B-00C04F79EFBC}") = "exam_modul_4", "exam_modul_4\exam_modul_4.csproj", "{0CF97FE6-086C-42BB-8028-E7CCEF7D0845}"
EndProject
Global
	GlobalSection(SolutionConfigurationPlatforms) = preSolution
		Debug|Any CPU = Debug|Any CPU
		Release|Any CPU = Release|Any CPU
	EndGlobalSection
	GlobalSection(ProjectConfigurationPlatforms) = postSolution
		{0CF97FE6-086C-42BB-8028-E7CCEF7D0845}.Debug|Any CPU.ActiveCfg = Debug|Any CPU
		{0CF97FE6-086C-42BB-8028-E7CCEF7D0845}.Debug|Any CPU.Build.0 = Debug|Any CPU
		{0CF97FE6-086C-42BB-8028-E7CCEF7D0845}.Release|Any CPU.ActiveCfg = Release|Any CPU
		{0CF97FE6-086C-42BB-8028-E7CCEF7D0845}.Release|Any CPU.Build.0 = Release|Any CPU
	EndGlobalSection
	GlobalSection(SolutionProperties) = preSolution
		HideSolutionNode = FALSE
	EndGlobalSection
	GlobalSection(ExtensibilityGlobals) = postSolution
		SolutionGuid = {79BFB2DA-50EF-4CF6-B2C2-4CDAC260BA34}
	EndGlobalSection
EndGlobal
